
Microsoft Visual Studio Solution File, Format Version 12.00
# Visual Studio Version 16
VisualStudioVersion = 16.0.32510.428
MinimumVisualStudioVersion = 10.0.40219.1
Project("{FAE04EC0-301F-11D3-BF4B-00C04F79EFBC}") = "exemplosMongodb", "exemplosMongodb\exemplosMongodb.csproj", "{201D3B98-A4B7-4C2C-AE56-6333D8DE19C8}"
EndProject
Global
	GlobalSection(SolutionConfigurationPlatforms) = preSolution
		Debug|Any CPU = Debug|Any CPU
		Release|Any CPU = Release|Any CPU
	EndGlobalSection
	GlobalSection(ProjectConfigurationPlatforms) = postSolution
		{201D3B98-A4B7-4C2C-AE56-6333D8DE19C8}.Debug|Any CPU.ActiveCfg = Debug|Any CPU
		{201D3B98-A4B7-4C2C-AE56-6333D8DE19C8}.Debug|Any CPU.Build.0 = Debug|Any CPU
		{201D3B98-A4B7-4C2C-AE56-6333D8DE19C8}.Release|Any CPU.ActiveCfg = Release|Any CPU
		{201D3B98-A4B7-4C2C-AE56-6333D8DE19C8}.Release|Any CPU.Build.0 = Release|Any CPU
	EndGlobalSection
	GlobalSection(SolutionProperties) = preSolution
		HideSolutionNode = FALSE
	EndGlobalSection
	GlobalSection(ExtensibilityGlobals) = postSolution
		SolutionGuid = {9B8FF70A-E854-4DBA-AC85-6AFD498A42C0}
	EndGlobalSection
EndGlobal
